
Microsoft Visual Studio Solution File, Format Version 12.00
# Visual Studio Version 16
VisualStudioVersion = 25.0.1705.2
MinimumVisualStudioVersion = 10.0.40219.1
Project("{FAE04EC0-301F-11D3-BF4B-00C04F79EFBC}") = "TonPlayTelegramBot", "TonPlayTelegramBot\TonPlayTelegramBot.csproj", "{B8D8BFC1-3D83-4DAA-A344-DE5DC58ED884}"
EndProject
Global
	GlobalSection(SolutionConfigurationPlatforms) = preSolution
		Debug|Any CPU = Debug|Any CPU
		Release|Any CPU = Release|Any CPU
	EndGlobalSection
	GlobalSection(ProjectConfigurationPlatforms) = postSolution
		{B8D8BFC1-3D83-4DAA-A344-DE5DC58ED884}.Debug|Any CPU.ActiveCfg = Debug|Any CPU
		{B8D8BFC1-3D83-4DAA-A344-DE5DC58ED884}.Debug|Any CPU.Build.0 = Debug|Any CPU
		{B8D8BFC1-3D83-4DAA-A344-DE5DC58ED884}.Release|Any CPU.ActiveCfg = Release|Any CPU
		{B8D8BFC1-3D83-4DAA-A344-DE5DC58ED884}.Release|Any CPU.Build.0 = Release|Any CPU
	EndGlobalSection
	GlobalSection(SolutionProperties) = preSolution
		HideSolutionNode = FALSE
	EndGlobalSection
	GlobalSection(ExtensibilityGlobals) = postSolution
		SolutionGuid = {5E641C44-5E00-4A72-8205-F4BCF9DB287F}
	EndGlobalSection
EndGlobal
